// !$*UTF8*$!
{
	archiveVersion = 1;
	classes = {
	};
	objectVersion = 46;
	objects = {

/* Begin PBXBuildFile section */
		A20C5FD019D85BB200B56E64 /* Mouse.swift in Sources */ = {isa = PBXBuildFile; fileRef = A20C5FCF19D85BB200B56E64 /* Mouse.swift */; };
		A218D78819FC2CFA00847132 /* GameScene.sks in Resources */ = {isa = PBXBuildFile; fileRef = A218D78719FC2CFA00847132 /* GameScene.sks */; };
		A235A7F319DFCE7400550019 /* mouseScore@2x.png in Resources */ = {isa = PBXBuildFile; fileRef = A235A7F219DFCE7400550019 /* mouseScore@2x.png */; };
		A235A7F519DFCED800550019 /* mouseScore.png in Resources */ = {isa = PBXBuildFile; fileRef = A235A7F419DFCED800550019 /* mouseScore.png */; };
		A24654C219B3711C007738AB /* AppDelegate.swift in Sources */ = {isa = PBXBuildFile; fileRef = A24654C119B3711C007738AB /* AppDelegate.swift */; };
		A24654C619B3711C007738AB /* GameScene.swift in Sources */ = {isa = PBXBuildFile; fileRef = A24654C519B3711C007738AB /* GameScene.swift */; };
		A24654C819B3711C007738AB /* GameViewController.swift in Sources */ = {isa = PBXBuildFile; fileRef = A24654C719B3711C007738AB /* GameViewController.swift */; };
		A24654CB19B3711C007738AB /* Main.storyboard in Resources */ = {isa = PBXBuildFile; fileRef = A24654C919B3711C007738AB /* Main.storyboard */; };
		A24654CD19B3711C007738AB /* Images.xcassets in Resources */ = {isa = PBXBuildFile; fileRef = A24654CC19B3711C007738AB /* Images.xcassets */; };
		A24654D919B3711C007738AB /* HunterTests.swift in Sources */ = {isa = PBXBuildFile; fileRef = A24654D819B3711C007738AB /* HunterTests.swift */; };
		A24654EE19B4F06B007738AB /* PathCreator.swift in Sources */ = {isa = PBXBuildFile; fileRef = A24654ED19B4F06B007738AB /* PathCreator.swift */; };
		A24A0ADC1A21C78A0025522F /* mouse2.atlas in Resources */ = {isa = PBXBuildFile; fileRef = A24A0ADB1A21C78A0025522F /* mouse2.atlas */; };
		A24A0ADF1A2330D90025522F /* MousePathCreator.swift in Sources */ = {isa = PBXBuildFile; fileRef = A24A0ADE1A2330D90025522F /* MousePathCreator.swift */; };
		A24A0AE11A2332E30025522F /* FlyPathCreator.swift in Sources */ = {isa = PBXBuildFile; fileRef = A24A0AE01A2332E30025522F /* FlyPathCreator.swift */; };
		A258316C19D0742100502748 /* caughtMouse.mp3 in Resources */ = {isa = PBXBuildFile; fileRef = A258316A19D0742100502748 /* caughtMouse.mp3 */; };
		A258316D19D0742100502748 /* escapedMouse.mp3 in Resources */ = {isa = PBXBuildFile; fileRef = A258316B19D0742100502748 /* escapedMouse.mp3 */; };
		A25B047A19EA7AE700A46601 /* PortraitLaunchScreen.png in Resources */ = {isa = PBXBuildFile; fileRef = A25B047919EA7AE700A46601 /* PortraitLaunchScreen.png */; };
		A25B047C19EA7AEF00A46601 /* PortraitLaunchScreen@2x.png in Resources */ = {isa = PBXBuildFile; fileRef = A25B047B19EA7AEF00A46601 /* PortraitLaunchScreen@2x.png */; };
		A25B047E19EA7B4800A46601 /* LaunchImage@2x.png in Resources */ = {isa = PBXBuildFile; fileRef = A25B047D19EA7B4800A46601 /* LaunchImage@2x.png */; };
		A25B048019EA7C8E00A46601 /* Icon-Small-40.png in Resources */ = {isa = PBXBuildFile; fileRef = A25B047F19EA7C8E00A46601 /* Icon-Small-40.png */; };
		A25B048219EA7C9600A46601 /* Icon-Small-40@2x.png in Resources */ = {isa = PBXBuildFile; fileRef = A25B048119EA7C9600A46601 /* Icon-Small-40@2x.png */; };
		A278E87F19D734A60055DB3C /* background.png in Resources */ = {isa = PBXBuildFile; fileRef = A278E87E19D734A60055DB3C /* background.png */; };
		A278E88119D734F90055DB3C /* bottomRightCorner.png in Resources */ = {isa = PBXBuildFile; fileRef = A278E88019D734F90055DB3C /* bottomRightCorner.png */; };
		A278E88719D737680055DB3C /* bottomRightCorner@2x.png in Resources */ = {isa = PBXBuildFile; fileRef = A278E88619D737680055DB3C /* bottomRightCorner@2x.png */; };
		A278E89019D7391A0055DB3C /* catOrigami.png in Resources */ = {isa = PBXBuildFile; fileRef = A278E88E19D7391A0055DB3C /* catOrigami.png */; };
		A278E89119D7391A0055DB3C /* catOrigami@2x.png in Resources */ = {isa = PBXBuildFile; fileRef = A278E88F19D7391A0055DB3C /* catOrigami@2x.png */; };
		A278E89419D73B1C0055DB3C /* mouseOrigamiBig.png in Resources */ = {isa = PBXBuildFile; fileRef = A278E89219D73B1C0055DB3C /* mouseOrigamiBig.png */; };
		A278E89519D73B1C0055DB3C /* mouseOrigamiBig@2x.png in Resources */ = {isa = PBXBuildFile; fileRef = A278E89319D73B1C0055DB3C /* mouseOrigamiBig@2x.png */; };
		A278E89B19D811400055DB3C /* AdvancedLabel.swift in Sources */ = {isa = PBXBuildFile; fileRef = A278E89A19D811400055DB3C /* AdvancedLabel.swift */; };
		A29250E119E307C3004ED0E0 /* LaunchImage.png in Resources */ = {isa = PBXBuildFile; fileRef = A29250E019E307C3004ED0E0 /* LaunchImage.png */; };
		A2A76B291A04B24900EF2D24 /* FlurryAnalytics.swift in Sources */ = {isa = PBXBuildFile; fileRef = A2A76B281A04B24900EF2D24 /* FlurryAnalytics.swift */; };
		A2A76B2B1A04B32A00EF2D24 /* AnalyticsProtocol.swift in Sources */ = {isa = PBXBuildFile; fileRef = A2A76B2A1A04B32A00EF2D24 /* AnalyticsProtocol.swift */; };
		A2A76B301A04EC3500EF2D24 /* Prey.swift in Sources */ = {isa = PBXBuildFile; fileRef = A2A76B2F1A04EC3500EF2D24 /* Prey.swift */; };
		A2A76B321A07E11A00EF2D24 /* Fly.swift in Sources */ = {isa = PBXBuildFile; fileRef = A2A76B311A07E11A00EF2D24 /* Fly.swift */; };
		A2A76B381A08C14A00EF2D24 /* fly.atlas in Resources */ = {isa = PBXBuildFile; fileRef = A2A76B371A08C14A00EF2D24 /* fly.atlas */; };
		A2A76B3A1A08C76B00EF2D24 /* caughtFly.mp3 in Resources */ = {isa = PBXBuildFile; fileRef = A2A76B391A08C76B00EF2D24 /* caughtFly.mp3 */; };
		A2C2A49F19E1BC890073B75C /* Icon-Small.png in Resources */ = {isa = PBXBuildFile; fileRef = A2C2A49519E1BC890073B75C /* Icon-Small.png */; };
		A2C2A4A019E1BC890073B75C /* Icon-Small@2x.png in Resources */ = {isa = PBXBuildFile; fileRef = A2C2A49619E1BC890073B75C /* Icon-Small@2x.png */; };
		A2C2A4A519E1C0470073B75C /* Icon-60.png in Resources */ = {isa = PBXBuildFile; fileRef = A2C2A4A319E1C0470073B75C /* Icon-60.png */; };
		A2C2A4A619E1C0470073B75C /* Icon-60@2x.png in Resources */ = {isa = PBXBuildFile; fileRef = A2C2A4A419E1C0470073B75C /* Icon-60@2x.png */; };
		A2C2A4A919E1C1030073B75C /* Icon-76.png in Resources */ = {isa = PBXBuildFile; fileRef = A2C2A4A719E1C1030073B75C /* Icon-76.png */; };
		A2C2A4AA19E1C1030073B75C /* Icon-76@2x.png in Resources */ = {isa = PBXBuildFile; fileRef = A2C2A4A819E1C1030073B75C /* Icon-76@2x.png */; };
		A2E9673F19FB86E400C726E9 /* SystemConfiguration.framework in Frameworks */ = {isa = PBXBuildFile; fileRef = A2E9673E19FB86E400C726E9 /* SystemConfiguration.framework */; };
		A2E9674119FB86F600C726E9 /* Security.framework in Frameworks */ = {isa = PBXBuildFile; fileRef = A2E9674019FB86F600C726E9 /* Security.framework */; };
		A2E9674519FB939100C726E9 /* libFlurry_5.4.0.a in Frameworks */ = {isa = PBXBuildFile; fileRef = A2E9674419FB939100C726E9 /* libFlurry_5.4.0.a */; };
/* End PBXBuildFile section */

/* Begin PBXContainerItemProxy section */
		A24654D319B3711C007738AB /* PBXContainerItemProxy */ = {
			isa = PBXContainerItemProxy;
			containerPortal = A24654B419B3711C007738AB /* Project object */;
			proxyType = 1;
			remoteGlobalIDString = A24654BB19B3711C007738AB;
			remoteInfo = Hunter;
		};
/* End PBXContainerItemProxy section */

/* Begin PBXFileReference section */
		A20C5FCF19D85BB200B56E64 /* Mouse.swift */ = {isa = PBXFileReference; fileEncoding = 4; lastKnownFileType = sourcecode.swift; path = Mouse.swift; sourceTree = "<group>"; };
		A218D78719FC2CFA00847132 /* GameScene.sks */ = {isa = PBXFileReference; lastKnownFileType = file.sks; path = GameScene.sks; sourceTree = "<group>"; };
		A235A7F219DFCE7400550019 /* mouseScore@2x.png */ = {isa = PBXFileReference; lastKnownFileType = image.png; path = "mouseScore@2x.png"; sourceTree = "<group>"; };
		A235A7F419DFCED800550019 /* mouseScore.png */ = {isa = PBXFileReference; lastKnownFileType = image.png; path = mouseScore.png; sourceTree = "<group>"; };
		A24654BC19B3711C007738AB /* SportsCat.app */ = {isa = PBXFileReference; explicitFileType = wrapper.application; includeInIndex = 0; path = SportsCat.app; sourceTree = BUILT_PRODUCTS_DIR; };
		A24654C019B3711C007738AB /* Info.plist */ = {isa = PBXFileReference; lastKnownFileType = text.plist.xml; path = Info.plist; sourceTree = "<group>"; };
		A24654C119B3711C007738AB /* AppDelegate.swift */ = {isa = PBXFileReference; lastKnownFileType = sourcecode.swift; path = AppDelegate.swift; sourceTree = "<group>"; };
		A24654C519B3711C007738AB /* GameScene.swift */ = {isa = PBXFileReference; lastKnownFileType = sourcecode.swift; path = GameScene.swift; sourceTree = "<group>"; };
		A24654C719B3711C007738AB /* GameViewController.swift */ = {isa = PBXFileReference; lastKnownFileType = sourcecode.swift; path = GameViewController.swift; sourceTree = "<group>"; };
		A24654CA19B3711C007738AB /* Base */ = {isa = PBXFileReference; lastKnownFileType = file.storyboard; name = Base; path = Base.lproj/Main.storyboard; sourceTree = "<group>"; };
		A24654CC19B3711C007738AB /* Images.xcassets */ = {isa = PBXFileReference; lastKnownFileType = folder.assetcatalog; path = Images.xcassets; sourceTree = "<group>"; };
		A24654D219B3711C007738AB /* SportsCatTests.xctest */ = {isa = PBXFileReference; explicitFileType = wrapper.cfbundle; includeInIndex = 0; path = SportsCatTests.xctest; sourceTree = BUILT_PRODUCTS_DIR; };
		A24654D719B3711C007738AB /* Info.plist */ = {isa = PBXFileReference; lastKnownFileType = text.plist.xml; path = Info.plist; sourceTree = "<group>"; };
		A24654D819B3711C007738AB /* HunterTests.swift */ = {isa = PBXFileReference; lastKnownFileType = sourcecode.swift; path = HunterTests.swift; sourceTree = "<group>"; };
		A24654ED19B4F06B007738AB /* PathCreator.swift */ = {isa = PBXFileReference; fileEncoding = 4; lastKnownFileType = sourcecode.swift; path = PathCreator.swift; sourceTree = "<group>"; };
		A24A0ADB1A21C78A0025522F /* mouse2.atlas */ = {isa = PBXFileReference; lastKnownFileType = folder.skatlas; path = mouse2.atlas; sourceTree = "<group>"; };
		A24A0ADE1A2330D90025522F /* MousePathCreator.swift */ = {isa = PBXFileReference; fileEncoding = 4; lastKnownFileType = sourcecode.swift; path = MousePathCreator.swift; sourceTree = "<group>"; };
		A24A0AE01A2332E30025522F /* FlyPathCreator.swift */ = {isa = PBXFileReference; fileEncoding = 4; lastKnownFileType = sourcecode.swift; path = FlyPathCreator.swift; sourceTree = "<group>"; };
		A258316A19D0742100502748 /* caughtMouse.mp3 */ = {isa = PBXFileReference; lastKnownFileType = audio.mp3; path = caughtMouse.mp3; sourceTree = "<group>"; };
		A258316B19D0742100502748 /* escapedMouse.mp3 */ = {isa = PBXFileReference; lastKnownFileType = audio.mp3; path = escapedMouse.mp3; sourceTree = "<group>"; };
		A25B047919EA7AE700A46601 /* PortraitLaunchScreen.png */ = {isa = PBXFileReference; lastKnownFileType = image.png; path = PortraitLaunchScreen.png; sourceTree = "<group>"; };
		A25B047B19EA7AEF00A46601 /* PortraitLaunchScreen@2x.png */ = {isa = PBXFileReference; lastKnownFileType = image.png; path = "PortraitLaunchScreen@2x.png"; sourceTree = "<group>"; };
		A25B047D19EA7B4800A46601 /* LaunchImage@2x.png */ = {isa = PBXFileReference; lastKnownFileType = image.png; path = "LaunchImage@2x.png"; sourceTree = "<group>"; };
		A25B047F19EA7C8E00A46601 /* Icon-Small-40.png */ = {isa = PBXFileReference; lastKnownFileType = image.png; path = "Icon-Small-40.png"; sourceTree = "<group>"; };
		A25B048119EA7C9600A46601 /* Icon-Small-40@2x.png */ = {isa = PBXFileReference; lastKnownFileType = image.png; path = "Icon-Small-40@2x.png"; sourceTree = "<group>"; };
		A278E87E19D734A60055DB3C /* background.png */ = {isa = PBXFileReference; lastKnownFileType = image.png; path = background.png; sourceTree = "<group>"; };
		A278E88019D734F90055DB3C /* bottomRightCorner.png */ = {isa = PBXFileReference; lastKnownFileType = image.png; path = bottomRightCorner.png; sourceTree = "<group>"; };
		A278E88619D737680055DB3C /* bottomRightCorner@2x.png */ = {isa = PBXFileReference; lastKnownFileType = image.png; path = "bottomRightCorner@2x.png"; sourceTree = "<group>"; };
		A278E88E19D7391A0055DB3C /* catOrigami.png */ = {isa = PBXFileReference; lastKnownFileType = image.png; path = catOrigami.png; sourceTree = "<group>"; };
		A278E88F19D7391A0055DB3C /* catOrigami@2x.png */ = {isa = PBXFileReference; lastKnownFileType = image.png; path = "catOrigami@2x.png"; sourceTree = "<group>"; };
		A278E89219D73B1C0055DB3C /* mouseOrigamiBig.png */ = {isa = PBXFileReference; lastKnownFileType = image.png; path = mouseOrigamiBig.png; sourceTree = "<group>"; };
		A278E89319D73B1C0055DB3C /* mouseOrigamiBig@2x.png */ = {isa = PBXFileReference; lastKnownFileType = image.png; path = "mouseOrigamiBig@2x.png"; sourceTree = "<group>"; };
		A278E89A19D811400055DB3C /* AdvancedLabel.swift */ = {isa = PBXFileReference; fileEncoding = 4; lastKnownFileType = sourcecode.swift; path = AdvancedLabel.swift; sourceTree = "<group>"; };
		A29250E019E307C3004ED0E0 /* LaunchImage.png */ = {isa = PBXFileReference; lastKnownFileType = image.png; path = LaunchImage.png; sourceTree = "<group>"; };
		A2A76B281A04B24900EF2D24 /* FlurryAnalytics.swift */ = {isa = PBXFileReference; fileEncoding = 4; lastKnownFileType = sourcecode.swift; path = FlurryAnalytics.swift; sourceTree = "<group>"; };
		A2A76B2A1A04B32A00EF2D24 /* AnalyticsProtocol.swift */ = {isa = PBXFileReference; fileEncoding = 4; lastKnownFileType = sourcecode.swift; path = AnalyticsProtocol.swift; sourceTree = "<group>"; };
		A2A76B2F1A04EC3500EF2D24 /* Prey.swift */ = {isa = PBXFileReference; fileEncoding = 4; lastKnownFileType = sourcecode.swift; path = Prey.swift; sourceTree = "<group>"; };
		A2A76B311A07E11A00EF2D24 /* Fly.swift */ = {isa = PBXFileReference; fileEncoding = 4; lastKnownFileType = sourcecode.swift; path = Fly.swift; sourceTree = "<group>"; };
		A2A76B371A08C14A00EF2D24 /* fly.atlas */ = {isa = PBXFileReference; lastKnownFileType = folder.skatlas; path = fly.atlas; sourceTree = "<group>"; };
		A2A76B391A08C76B00EF2D24 /* caughtFly.mp3 */ = {isa = PBXFileReference; lastKnownFileType = audio.mp3; path = caughtFly.mp3; sourceTree = "<group>"; };
		A2C2A49519E1BC890073B75C /* Icon-Small.png */ = {isa = PBXFileReference; lastKnownFileType = image.png; path = "Icon-Small.png"; sourceTree = "<group>"; };
		A2C2A49619E1BC890073B75C /* Icon-Small@2x.png */ = {isa = PBXFileReference; lastKnownFileType = image.png; path = "Icon-Small@2x.png"; sourceTree = "<group>"; };
		A2C2A4A319E1C0470073B75C /* Icon-60.png */ = {isa = PBXFileReference; lastKnownFileType = image.png; path = "Icon-60.png"; sourceTree = "<group>"; };
		A2C2A4A419E1C0470073B75C /* Icon-60@2x.png */ = {isa = PBXFileReference; lastKnownFileType = image.png; path = "Icon-60@2x.png"; sourceTree = "<group>"; };
		A2C2A4A719E1C1030073B75C /* Icon-76.png */ = {isa = PBXFileReference; lastKnownFileType = image.png; path = "Icon-76.png"; sourceTree = "<group>"; };
		A2C2A4A819E1C1030073B75C /* Icon-76@2x.png */ = {isa = PBXFileReference; lastKnownFileType = image.png; path = "Icon-76@2x.png"; sourceTree = "<group>"; };
		A2E9673E19FB86E400C726E9 /* SystemConfiguration.framework */ = {isa = PBXFileReference; lastKnownFileType = wrapper.framework; name = SystemConfiguration.framework; path = System/Library/Frameworks/SystemConfiguration.framework; sourceTree = SDKROOT; };
		A2E9674019FB86F600C726E9 /* Security.framework */ = {isa = PBXFileReference; lastKnownFileType = wrapper.framework; name = Security.framework; path = System/Library/Frameworks/Security.framework; sourceTree = SDKROOT; };
		A2E9674319FB939100C726E9 /* Flurry.h */ = {isa = PBXFileReference; fileEncoding = 4; lastKnownFileType = sourcecode.c.h; path = Flurry.h; sourceTree = "<group>"; };
		A2E9674419FB939100C726E9 /* libFlurry_5.4.0.a */ = {isa = PBXFileReference; lastKnownFileType = archive.ar; path = libFlurry_5.4.0.a; sourceTree = "<group>"; };
		A2E9674919FB94E900C726E9 /* SportsCat-Bridging-Header.h */ = {isa = PBXFileReference; lastKnownFileType = sourcecode.c.h; path = "SportsCat-Bridging-Header.h"; sourceTree = "<group>"; };
/* End PBXFileReference section */

/* Begin PBXFrameworksBuildPhase section */
		A24654B919B3711C007738AB /* Frameworks */ = {
			isa = PBXFrameworksBuildPhase;
			buildActionMask = 2147483647;
			files = (
				A2E9674119FB86F600C726E9 /* Security.framework in Frameworks */,
				A2E9673F19FB86E400C726E9 /* SystemConfiguration.framework in Frameworks */,
				A2E9674519FB939100C726E9 /* libFlurry_5.4.0.a in Frameworks */,
			);
			runOnlyForDeploymentPostprocessing = 0;
		};
		A24654CF19B3711C007738AB /* Frameworks */ = {
			isa = PBXFrameworksBuildPhase;
			buildActionMask = 2147483647;
			files = (
			);
			runOnlyForDeploymentPostprocessing = 0;
		};
/* End PBXFrameworksBuildPhase section */

/* Begin PBXGroup section */
		A24654B319B3711C007738AB = {
			isa = PBXGroup;
			children = (
				A2E9674919FB94E900C726E9 /* SportsCat-Bridging-Header.h */,
				A2E9674019FB86F600C726E9 /* Security.framework */,
				A2E9673E19FB86E400C726E9 /* SystemConfiguration.framework */,
				A24654BE19B3711C007738AB /* Hunter */,
				A24654D519B3711C007738AB /* HunterTests */,
				A24654BD19B3711C007738AB /* Products */,
			);
			sourceTree = "<group>";
		};
		A24654BD19B3711C007738AB /* Products */ = {
			isa = PBXGroup;
			children = (
				A24654BC19B3711C007738AB /* SportsCat.app */,
				A24654D219B3711C007738AB /* SportsCatTests.xctest */,
			);
			name = Products;
			sourceTree = "<group>";
		};
		A24654BE19B3711C007738AB /* Hunter */ = {
			isa = PBXGroup;
			children = (
				A24A0ADD1A232FB00025522F /* PathCreator */,
				A2A76B2E1A04EC2600EF2D24 /* Prey */,
				A2A76B2C1A04B3C400EF2D24 /* Flurry */,
				A2A76B271A04B20F00EF2D24 /* Analytics */,
				A218D78719FC2CFA00847132 /* GameScene.sks */,
				A24654C119B3711C007738AB /* AppDelegate.swift */,
				A24654C519B3711C007738AB /* GameScene.swift */,
				A24654C719B3711C007738AB /* GameViewController.swift */,
				A24654C919B3711C007738AB /* Main.storyboard */,
				A278E89A19D811400055DB3C /* AdvancedLabel.swift */,
				A2A76B371A08C14A00EF2D24 /* fly.atlas */,
				A24654CC19B3711C007738AB /* Images.xcassets */,
				A24A0ADB1A21C78A0025522F /* mouse2.atlas */,
				A24654E219B37672007738AB /* Images */,
				A24654BF19B3711C007738AB /* Supporting Files */,
				A258316919D0736700502748 /* Sounds */,
			);
			path = Hunter;
			sourceTree = "<group>";
		};
		A24654BF19B3711C007738AB /* Supporting Files */ = {
			isa = PBXGroup;
			children = (
				A25B048119EA7C9600A46601 /* Icon-Small-40@2x.png */,
				A25B047F19EA7C8E00A46601 /* Icon-Small-40.png */,
				A25B047919EA7AE700A46601 /* PortraitLaunchScreen.png */,
				A25B047B19EA7AEF00A46601 /* PortraitLaunchScreen@2x.png */,
				A29250E019E307C3004ED0E0 /* LaunchImage.png */,
				A25B047D19EA7B4800A46601 /* LaunchImage@2x.png */,
				A2C2A4A719E1C1030073B75C /* Icon-76.png */,
				A2C2A4A819E1C1030073B75C /* Icon-76@2x.png */,
				A2C2A4A319E1C0470073B75C /* Icon-60.png */,
				A2C2A4A419E1C0470073B75C /* Icon-60@2x.png */,
				A2C2A49519E1BC890073B75C /* Icon-Small.png */,
				A2C2A49619E1BC890073B75C /* Icon-Small@2x.png */,
				A24654C019B3711C007738AB /* Info.plist */,
			);
			name = "Supporting Files";
			sourceTree = "<group>";
		};
		A24654D519B3711C007738AB /* HunterTests */ = {
			isa = PBXGroup;
			children = (
				A24654D819B3711C007738AB /* HunterTests.swift */,
				A24654D619B3711C007738AB /* Supporting Files */,
			);
			path = HunterTests;
			sourceTree = "<group>";
		};
		A24654D619B3711C007738AB /* Supporting Files */ = {
			isa = PBXGroup;
			children = (
				A24654D719B3711C007738AB /* Info.plist */,
			);
			name = "Supporting Files";
			sourceTree = "<group>";
		};
		A24654E219B37672007738AB /* Images */ = {
			isa = PBXGroup;
			children = (
				A278E89219D73B1C0055DB3C /* mouseOrigamiBig.png */,
				A278E89319D73B1C0055DB3C /* mouseOrigamiBig@2x.png */,
				A278E88E19D7391A0055DB3C /* catOrigami.png */,
				A278E88F19D7391A0055DB3C /* catOrigami@2x.png */,
				A278E88019D734F90055DB3C /* bottomRightCorner.png */,
				A278E88619D737680055DB3C /* bottomRightCorner@2x.png */,
				A278E87E19D734A60055DB3C /* background.png */,
				A235A7F419DFCED800550019 /* mouseScore.png */,
				A235A7F219DFCE7400550019 /* mouseScore@2x.png */,
			);
			name = Images;
			sourceTree = "<group>";
		};
		A24A0ADD1A232FB00025522F /* PathCreator */ = {
			isa = PBXGroup;
			children = (
				A24654ED19B4F06B007738AB /* PathCreator.swift */,
				A24A0ADE1A2330D90025522F /* MousePathCreator.swift */,
				A24A0AE01A2332E30025522F /* FlyPathCreator.swift */,
			);
			name = PathCreator;
			sourceTree = "<group>";
		};
		A258316919D0736700502748 /* Sounds */ = {
			isa = PBXGroup;
			children = (
				A2A76B391A08C76B00EF2D24 /* caughtFly.mp3 */,
				A258316A19D0742100502748 /* caughtMouse.mp3 */,
				A258316B19D0742100502748 /* escapedMouse.mp3 */,
			);
			name = Sounds;
			sourceTree = "<group>";
		};
		A2A76B271A04B20F00EF2D24 /* Analytics */ = {
			isa = PBXGroup;
			children = (
				A2A76B281A04B24900EF2D24 /* FlurryAnalytics.swift */,
				A2A76B2A1A04B32A00EF2D24 /* AnalyticsProtocol.swift */,
			);
			name = Analytics;
			sourceTree = "<group>";
		};
		A2A76B2C1A04B3C400EF2D24 /* Flurry */ = {
			isa = PBXGroup;
			children = (
				A2E9674419FB939100C726E9 /* libFlurry_5.4.0.a */,
				A2E9674319FB939100C726E9 /* Flurry.h */,
			);
			name = Flurry;
			sourceTree = "<group>";
		};
		A2A76B2E1A04EC2600EF2D24 /* Prey */ = {
			isa = PBXGroup;
			children = (
				A2A76B2F1A04EC3500EF2D24 /* Prey.swift */,
				A20C5FCF19D85BB200B56E64 /* Mouse.swift */,
				A2A76B311A07E11A00EF2D24 /* Fly.swift */,
			);
			name = Prey;
			sourceTree = "<group>";
		};
/* End PBXGroup section */

/* Begin PBXNativeTarget section */
		A24654BB19B3711C007738AB /* SportsCat */ = {
			isa = PBXNativeTarget;
			buildConfigurationList = A24654DC19B3711C007738AB /* Build configuration list for PBXNativeTarget "SportsCat" */;
			buildPhases = (
				A24654B819B3711C007738AB /* Sources */,
				A24654B919B3711C007738AB /* Frameworks */,
				A24654BA19B3711C007738AB /* Resources */,
			);
			buildRules = (
			);
			dependencies = (
			);
			name = SportsCat;
			productName = Hunter;
			productReference = A24654BC19B3711C007738AB /* SportsCat.app */;
			productType = "com.apple.product-type.application";
		};
		A24654D119B3711C007738AB /* SportsCatTests */ = {
			isa = PBXNativeTarget;
			buildConfigurationList = A24654DF19B3711C007738AB /* Build configuration list for PBXNativeTarget "SportsCatTests" */;
			buildPhases = (
				A24654CE19B3711C007738AB /* Sources */,
				A24654CF19B3711C007738AB /* Frameworks */,
				A24654D019B3711C007738AB /* Resources */,
			);
			buildRules = (
			);
			dependencies = (
				A24654D419B3711C007738AB /* PBXTargetDependency */,
			);
			name = SportsCatTests;
			productName = HunterTests;
			productReference = A24654D219B3711C007738AB /* SportsCatTests.xctest */;
			productType = "com.apple.product-type.bundle.unit-test";
		};
/* End PBXNativeTarget section */

/* Begin PBXProject section */
		A24654B419B3711C007738AB /* Project object */ = {
			isa = PBXProject;
			attributes = {
				LastUpgradeCheck = 0600;
				ORGANIZATIONNAME = georgechernov;
				TargetAttributes = {
					A24654BB19B3711C007738AB = {
						CreatedOnToolsVersion = 6.0;
						DevelopmentTeam = 6TFSLS2DB4;
					};
					A24654D119B3711C007738AB = {
						CreatedOnToolsVersion = 6.0;
						TestTargetID = A24654BB19B3711C007738AB;
					};
				};
			};
			buildConfigurationList = A24654B719B3711C007738AB /* Build configuration list for PBXProject "SportsCat" */;
			compatibilityVersion = "Xcode 3.2";
			developmentRegion = English;
			hasScannedForEncodings = 0;
			knownRegions = (
				en,
				Base,
			);
			mainGroup = A24654B319B3711C007738AB;
			productRefGroup = A24654BD19B3711C007738AB /* Products */;
			projectDirPath = "";
			projectRoot = "";
			targets = (
				A24654BB19B3711C007738AB /* SportsCat */,
				A24654D119B3711C007738AB /* SportsCatTests */,
			);
		};
/* End PBXProject section */

/* Begin PBXResourcesBuildPhase section */
		A24654BA19B3711C007738AB /* Resources */ = {
			isa = PBXResourcesBuildPhase;
			buildActionMask = 2147483647;
			files = (
				A278E88119D734F90055DB3C /* bottomRightCorner.png in Resources */,
				A24654CD19B3711C007738AB /* Images.xcassets in Resources */,
				A235A7F319DFCE7400550019 /* mouseScore@2x.png in Resources */,
				A278E89119D7391A0055DB3C /* catOrigami@2x.png in Resources */,
				A2C2A4A919E1C1030073B75C /* Icon-76.png in Resources */,
				A278E89519D73B1C0055DB3C /* mouseOrigamiBig@2x.png in Resources */,
				A235A7F519DFCED800550019 /* mouseScore.png in Resources */,
				A278E89419D73B1C0055DB3C /* mouseOrigamiBig.png in Resources */,
				A25B047C19EA7AEF00A46601 /* PortraitLaunchScreen@2x.png in Resources */,
				A25B047E19EA7B4800A46601 /* LaunchImage@2x.png in Resources */,
				A2A76B381A08C14A00EF2D24 /* fly.atlas in Resources */,
				A25B047A19EA7AE700A46601 /* PortraitLaunchScreen.png in Resources */,
				A24A0ADC1A21C78A0025522F /* mouse2.atlas in Resources */,
				A25B048019EA7C8E00A46601 /* Icon-Small-40.png in Resources */,
				A278E88719D737680055DB3C /* bottomRightCorner@2x.png in Resources */,
				A278E89019D7391A0055DB3C /* catOrigami.png in Resources */,
				A258316C19D0742100502748 /* caughtMouse.mp3 in Resources */,
				A218D78819FC2CFA00847132 /* GameScene.sks in Resources */,
				A24654CB19B3711C007738AB /* Main.storyboard in Resources */,
				A2C2A4A519E1C0470073B75C /* Icon-60.png in Resources */,
				A258316D19D0742100502748 /* escapedMouse.mp3 in Resources */,
				A278E87F19D734A60055DB3C /* background.png in Resources */,
				A2A76B3A1A08C76B00EF2D24 /* caughtFly.mp3 in Resources */,
				A2C2A4A019E1BC890073B75C /* Icon-Small@2x.png in Resources */,
				A25B048219EA7C9600A46601 /* Icon-Small-40@2x.png in Resources */,
				A29250E119E307C3004ED0E0 /* LaunchImage.png in Resources */,
				A2C2A49F19E1BC890073B75C /* Icon-Small.png in Resources */,
				A2C2A4AA19E1C1030073B75C /* Icon-76@2x.png in Resources */,
				A2C2A4A619E1C0470073B75C /* Icon-60@2x.png in Resources */,
			);
			runOnlyForDeploymentPostprocessing = 0;
		};
		A24654D019B3711C007738AB /* Resources */ = {
			isa = PBXResourcesBuildPhase;
			buildActionMask = 2147483647;
			files = (
			);
			runOnlyForDeploymentPostprocessing = 0;
		};
/* End PBXResourcesBuildPhase section */

/* Begin PBXSourcesBuildPhase section */
		A24654B819B3711C007738AB /* Sources */ = {
			isa = PBXSourcesBuildPhase;
			buildActionMask = 2147483647;
			files = (
				A24654C619B3711C007738AB /* GameScene.swift in Sources */,
				A20C5FD019D85BB200B56E64 /* Mouse.swift in Sources */,
				A24654EE19B4F06B007738AB /* PathCreator.swift in Sources */,
				A2A76B301A04EC3500EF2D24 /* Prey.swift in Sources */,
				A278E89B19D811400055DB3C /* AdvancedLabel.swift in Sources */,
				A24A0ADF1A2330D90025522F /* MousePathCreator.swift in Sources */,
				A2A76B2B1A04B32A00EF2D24 /* AnalyticsProtocol.swift in Sources */,
				A24654C819B3711C007738AB /* GameViewController.swift in Sources */,
				A2A76B321A07E11A00EF2D24 /* Fly.swift in Sources */,
				A24654C219B3711C007738AB /* AppDelegate.swift in Sources */,
				A2A76B291A04B24900EF2D24 /* FlurryAnalytics.swift in Sources */,
				A24A0AE11A2332E30025522F /* FlyPathCreator.swift in Sources */,
			);
			runOnlyForDeploymentPostprocessing = 0;
		};
		A24654CE19B3711C007738AB /* Sources */ = {
			isa = PBXSourcesBuildPhase;
			buildActionMask = 2147483647;
			files = (
				A24654D919B3711C007738AB /* HunterTests.swift in Sources */,
			);
			runOnlyForDeploymentPostprocessing = 0;
		};
/* End PBXSourcesBuildPhase section */

/* Begin PBXTargetDependency section */
		A24654D419B3711C007738AB /* PBXTargetDependency */ = {
			isa = PBXTargetDependency;
			target = A24654BB19B3711C007738AB /* SportsCat */;
			targetProxy = A24654D319B3711C007738AB /* PBXContainerItemProxy */;
		};
/* End PBXTargetDependency section */

/* Begin PBXVariantGroup section */
		A24654C919B3711C007738AB /* Main.storyboard */ = {
			isa = PBXVariantGroup;
			children = (
				A24654CA19B3711C007738AB /* Base */,
			);
			name = Main.storyboard;
			sourceTree = "<group>";
		};
/* End PBXVariantGroup section */

/* Begin XCBuildConfiguration section */
		A24654DA19B3711C007738AB /* Debug */ = {
			isa = XCBuildConfiguration;
			buildSettings = {
				ALWAYS_SEARCH_USER_PATHS = NO;
				CLANG_CXX_LANGUAGE_STANDARD = "gnu++0x";
				CLANG_CXX_LIBRARY = "libc++";
				CLANG_ENABLE_MODULES = YES;
				CLANG_ENABLE_OBJC_ARC = YES;
				CLANG_WARN_BOOL_CONVERSION = YES;
				CLANG_WARN_CONSTANT_CONVERSION = YES;
				CLANG_WARN_DIRECT_OBJC_ISA_USAGE = YES_ERROR;
				CLANG_WARN_EMPTY_BODY = YES;
				CLANG_WARN_ENUM_CONVERSION = YES;
				CLANG_WARN_INT_CONVERSION = YES;
				CLANG_WARN_OBJC_ROOT_CLASS = YES_ERROR;
				CLANG_WARN_UNREACHABLE_CODE = YES;
				CLANG_WARN__DUPLICATE_METHOD_MATCH = YES;
				"CODE_SIGN_IDENTITY[sdk=iphoneos*]" = "iPhone Developer";
				COPY_PHASE_STRIP = NO;
				ENABLE_STRICT_OBJC_MSGSEND = YES;
				GCC_C_LANGUAGE_STANDARD = gnu99;
				GCC_DYNAMIC_NO_PIC = NO;
				GCC_OPTIMIZATION_LEVEL = 0;
				GCC_PREPROCESSOR_DEFINITIONS = (
					"DEBUG=1",
					"$(inherited)",
				);
				GCC_SYMBOLS_PRIVATE_EXTERN = NO;
				GCC_WARN_64_TO_32_BIT_CONVERSION = YES;
				GCC_WARN_ABOUT_RETURN_TYPE = YES_ERROR;
				GCC_WARN_UNDECLARED_SELECTOR = YES;
				GCC_WARN_UNINITIALIZED_AUTOS = YES_AGGRESSIVE;
				GCC_WARN_UNUSED_FUNCTION = YES;
				GCC_WARN_UNUSED_VARIABLE = YES;
				IPHONEOS_DEPLOYMENT_TARGET = 8.0;
				MTL_ENABLE_DEBUG_INFO = YES;
				ONLY_ACTIVE_ARCH = YES;
				SDKROOT = iphoneos;
				SWIFT_OPTIMIZATION_LEVEL = "-Onone";
				TARGETED_DEVICE_FAMILY = 2;
			};
			name = Debug;
		};
		A24654DB19B3711C007738AB /* Release */ = {
			isa = XCBuildConfiguration;
			buildSettings = {
				ALWAYS_SEARCH_USER_PATHS = NO;
				CLANG_CXX_LANGUAGE_STANDARD = "gnu++0x";
				CLANG_CXX_LIBRARY = "libc++";
				CLANG_ENABLE_MODULES = YES;
				CLANG_ENABLE_OBJC_ARC = YES;
				CLANG_WARN_BOOL_CONVERSION = YES;
				CLANG_WARN_CONSTANT_CONVERSION = YES;
				CLANG_WARN_DIRECT_OBJC_ISA_USAGE = YES_ERROR;
				CLANG_WARN_EMPTY_BODY = YES;
				CLANG_WARN_ENUM_CONVERSION = YES;
				CLANG_WARN_INT_CONVERSION = YES;
				CLANG_WARN_OBJC_ROOT_CLASS = YES_ERROR;
				CLANG_WARN_UNREACHABLE_CODE = YES;
				CLANG_WARN__DUPLICATE_METHOD_MATCH = YES;
				"CODE_SIGN_IDENTITY[sdk=iphoneos*]" = "iPhone Developer";
				COPY_PHASE_STRIP = YES;
				ENABLE_NS_ASSERTIONS = NO;
				ENABLE_STRICT_OBJC_MSGSEND = YES;
				GCC_C_LANGUAGE_STANDARD = gnu99;
				GCC_WARN_64_TO_32_BIT_CONVERSION = YES;
				GCC_WARN_ABOUT_RETURN_TYPE = YES_ERROR;
				GCC_WARN_UNDECLARED_SELECTOR = YES;
				GCC_WARN_UNINITIALIZED_AUTOS = YES_AGGRESSIVE;
				GCC_WARN_UNUSED_FUNCTION = YES;
				GCC_WARN_UNUSED_VARIABLE = YES;
				IPHONEOS_DEPLOYMENT_TARGET = 8.0;
				MTL_ENABLE_DEBUG_INFO = NO;
				SDKROOT = iphoneos;
				TARGETED_DEVICE_FAMILY = 2;
				VALIDATE_PRODUCT = YES;
			};
			name = Release;
		};
		A24654DD19B3711C007738AB /* Debug */ = {
			isa = XCBuildConfiguration;
			buildSettings = {
				ASSETCATALOG_COMPILER_APPICON_NAME = AppIcon;
				ASSETCATALOG_COMPILER_LAUNCHIMAGE_NAME = LaunchImage;
				CODE_SIGN_IDENTITY = "iPhone Developer";
				"CODE_SIGN_IDENTITY[sdk=iphoneos*]" = "iPhone Developer";
				INFOPLIST_FILE = Hunter/Info.plist;
				IPHONEOS_DEPLOYMENT_TARGET = 8.1;
				LD_RUNPATH_SEARCH_PATHS = "$(inherited) @executable_path/Frameworks";
				LIBRARY_SEARCH_PATHS = (
					"$(inherited)",
					/Users/georgechernov/Downloads/GoogleAnalyticsServicesiOS_3.09,
					"$(PROJECT_DIR)/Hunter/Flurry-iOS-5.4.0/Flurry",
					"$(PROJECT_DIR)/Hunter/Flurry-iOS-5.4.0/FlurryAds",
					"$(PROJECT_DIR)/Hunter",
				);
				New_Setting = "";
				PRODUCT_NAME = SportsCat;
				PROVISIONING_PROFILE = "";
				SWIFT_OBJC_BRIDGING_HEADER = "SportsCat-Bridging-Header.h";
				TARGETED_DEVICE_FAMILY = 2;
			};
			name = Debug;
		};
		A24654DE19B3711C007738AB /* Release */ = {
			isa = XCBuildConfiguration;
			buildSettings = {
				ASSETCATALOG_COMPILER_APPICON_NAME = AppIcon;
				ASSETCATALOG_COMPILER_LAUNCHIMAGE_NAME = LaunchImage;
				CODE_SIGN_IDENTITY = "iPhone Developer";
				"CODE_SIGN_IDENTITY[sdk=iphoneos*]" = "iPhone Developer";
				INFOPLIST_FILE = Hunter/Info.plist;
				IPHONEOS_DEPLOYMENT_TARGET = 8.1;
				LD_RUNPATH_SEARCH_PATHS = "$(inherited) @executable_path/Frameworks";
				LIBRARY_SEARCH_PATHS = (
					"$(inherited)",
					/Users/georgechernov/Downloads/GoogleAnalyticsServicesiOS_3.09,
					"$(PROJECT_DIR)/Hunter/Flurry-iOS-5.4.0/Flurry",
					"$(PROJECT_DIR)/Hunter/Flurry-iOS-5.4.0/FlurryAds",
					"$(PROJECT_DIR)/Hunter",
				);
				New_Setting = "";
				PRODUCT_NAME = SportsCat;
				PROVISIONING_PROFILE = "";
				SWIFT_OBJC_BRIDGING_HEADER = "SportsCat-Bridging-Header.h";
				TARGETED_DEVICE_FAMILY = 2;
			};
			name = Release;
		};
		A24654E019B3711C007738AB /* Debug */ = {
			isa = XCBuildConfiguration;
			buildSettings = {
				BUNDLE_LOADER = "$(BUILT_PRODUCTS_DIR)/Hunter.app/Hunter";
				FRAMEWORK_SEARCH_PATHS = (
					"$(SDKROOT)/Developer/Library/Frameworks",
					"$(inherited)",
				);
				GCC_PREPROCESSOR_DEFINITIONS = (
					"DEBUG=1",
					"$(inherited)",
				);
				INFOPLIST_FILE = HunterTests/Info.plist;
				LD_RUNPATH_SEARCH_PATHS = "$(inherited) @executable_path/Frameworks @loader_path/Frameworks";
				PRODUCT_NAME = SportsCatTests;
				TEST_HOST = "$(BUNDLE_LOADER)";
			};
			name = Debug;
		};
		A24654E119B3711C007738AB /* Release */ = {
			isa = XCBuildConfiguration;
			buildSettings = {
				BUNDLE_LOADER = "$(BUILT_PRODUCTS_DIR)/Hunter.app/Hunter";
				FRAMEWORK_SEARCH_PATHS = (
					"$(SDKROOT)/Developer/Library/Frameworks",
					"$(inherited)",
				);
				INFOPLIST_FILE = HunterTests/Info.plist;
				LD_RUNPATH_SEARCH_PATHS = "$(inherited) @executable_path/Frameworks @loader_path/Frameworks";
				PRODUCT_NAME = SportsCatTests;
				TEST_HOST = "$(BUNDLE_LOADER)";
			};
			name = Release;
		};
/* End XCBuildConfiguration section */

/* Begin XCConfigurationList section */
		A24654B719B3711C007738AB /* Build configuration list for PBXProject "SportsCat" */ = {
			isa = XCConfigurationList;
			buildConfigurations = (
				A24654DA19B3711C007738AB /* Debug */,
				A24654DB19B3711C007738AB /* Release */,
			);
			defaultConfigurationIsVisible = 0;
			defaultConfigurationName = Release;
		};
		A24654DC19B3711C007738AB /* Build configuration list for PBXNativeTarget "SportsCat" */ = {
			isa = XCConfigurationList;
			buildConfigurations = (
				A24654DD19B3711C007738AB /* Debug */,
				A24654DE19B3711C007738AB /* Release */,
			);
			defaultConfigurationIsVisible = 0;
			defaultConfigurationName = Release;
		};
		A24654DF19B3711C007738AB /* Build configuration list for PBXNativeTarget "SportsCatTests" */ = {
			isa = XCConfigurationList;
			buildConfigurations = (
				A24654E019B3711C007738AB /* Debug */,
				A24654E119B3711C007738AB /* Release */,
			);
			defaultConfigurationIsVisible = 0;
			defaultConfigurationName = Release;
		};
/* End XCConfigurationList section */
	};
	rootObject = A24654B419B3711C007738AB /* Project object */;
}
